
Microsoft Visual Studio Solution File, Format Version 12.00
# Visual Studio Version 16
VisualStudioVersion = 16.0.30907.101
MinimumVisualStudioVersion = 10.0.40219.1
Project("{FAE04EC0-301F-11D3-BF4B-00C04F79EFBC}") = "DownloadVideos", "DownloadVideos\DownloadVideos.csproj", "{B8517976-1FC3-4D34-994E-22393C5A0F95}"
EndProject
Global
	GlobalSection(SolutionConfigurationPlatforms) = preSolution
		Debug|Any CPU = Debug|Any CPU
		Release|Any CPU = Release|Any CPU
	EndGlobalSection
	GlobalSection(ProjectConfigurationPlatforms) = postSolution
		{B8517976-1FC3-4D34-994E-22393C5A0F95}.Debug|Any CPU.ActiveCfg = Debug|Any CPU
		{B8517976-1FC3-4D34-994E-22393C5A0F95}.Debug|Any CPU.Build.0 = Debug|Any CPU
		{B8517976-1FC3-4D34-994E-22393C5A0F95}.Release|Any CPU.ActiveCfg = Release|Any CPU
		{B8517976-1FC3-4D34-994E-22393C5A0F95}.Release|Any CPU.Build.0 = Release|Any CPU
	EndGlobalSection
	GlobalSection(SolutionProperties) = preSolution
		HideSolutionNode = FALSE
	EndGlobalSection
	GlobalSection(ExtensibilityGlobals) = postSolution
		SolutionGuid = {5911B44C-3012-4CDF-B310-BF836EAE8828}
	EndGlobalSection
EndGlobal
